
Microsoft Visual Studio Solution File, Format Version 12.00
# Visual Studio Version 16
VisualStudioVersion = 16.0.31025.194
MinimumVisualStudioVersion = 10.0.40219.1
Project("{FAE04EC0-301F-11D3-BF4B-00C04F79EFBC}") = "TestUngDung", "TestUngDung\TestUngDung.csproj", "{2A227CD0-38B7-4981-B2C7-E645D6D205B5}"
EndProject
Project("{FAE04EC0-301F-11D3-BF4B-00C04F79EFBC}") = "ModelEF", "ModelEF\ModelEF.csproj", "{10F57578-8C87-4E36-ACAA-B88167058446}"
EndProject
Global
	GlobalSection(SolutionConfigurationPlatforms) = preSolution
		Debug|Any CPU = Debug|Any CPU
		Release|Any CPU = Release|Any CPU
	EndGlobalSection
	GlobalSection(ProjectConfigurationPlatforms) = postSolution
		{2A227CD0-38B7-4981-B2C7-E645D6D205B5}.Debug|Any CPU.ActiveCfg = Debug|Any CPU
		{2A227CD0-38B7-4981-B2C7-E645D6D205B5}.Debug|Any CPU.Build.0 = Debug|Any CPU
		{2A227CD0-38B7-4981-B2C7-E645D6D205B5}.Release|Any CPU.ActiveCfg = Release|Any CPU
		{2A227CD0-38B7-4981-B2C7-E645D6D205B5}.Release|Any CPU.Build.0 = Release|Any CPU
		{10F57578-8C87-4E36-ACAA-B88167058446}.Debug|Any CPU.ActiveCfg = Debug|Any CPU
		{10F57578-8C87-4E36-ACAA-B88167058446}.Debug|Any CPU.Build.0 = Debug|Any CPU
		{10F57578-8C87-4E36-ACAA-B88167058446}.Release|Any CPU.ActiveCfg = Release|Any CPU
		{10F57578-8C87-4E36-ACAA-B88167058446}.Release|Any CPU.Build.0 = Release|Any CPU
	EndGlobalSection
	GlobalSection(SolutionProperties) = preSolution
		HideSolutionNode = FALSE
	EndGlobalSection
	GlobalSection(ExtensibilityGlobals) = postSolution
		SolutionGuid = {D9466EEB-09EF-4EBF-9AC5-843920E7AA05}
	EndGlobalSection
EndGlobal
